
Microsoft Visual Studio Solution File, Format Version 12.00
# Visual Studio 2012
Project("{FAE04EC0-301F-11D3-BF4B-00C04F79EFBC}") = "Application", "Application\Application.csproj", "{36049FE4-A15B-4472-ADA9-230A24E8C509}"
EndProject
Project("{FAE04EC0-301F-11D3-BF4B-00C04F79EFBC}") = "Tests", "Tests\Tests.csproj", "{EADA9B2B-0587-416D-AC72-99D8B6903629}"
EndProject
Global
	GlobalSection(SolutionConfigurationPlatforms) = preSolution
		Debug|Any CPU = Debug|Any CPU
		Release|Any CPU = Release|Any CPU
	EndGlobalSection
	GlobalSection(ProjectConfigurationPlatforms) = postSolution
		{36049FE4-A15B-4472-ADA9-230A24E8C509}.Debug|Any CPU.ActiveCfg = Debug|Any CPU
		{36049FE4-A15B-4472-ADA9-230A24E8C509}.Debug|Any CPU.Build.0 = Debug|Any CPU
		{36049FE4-A15B-4472-ADA9-230A24E8C509}.Release|Any CPU.ActiveCfg = Release|Any CPU
		{36049FE4-A15B-4472-ADA9-230A24E8C509}.Release|Any CPU.Build.0 = Release|Any CPU
		{EADA9B2B-0587-416D-AC72-99D8B6903629}.Debug|Any CPU.ActiveCfg = Debug|Any CPU
		{EADA9B2B-0587-416D-AC72-99D8B6903629}.Debug|Any CPU.Build.0 = Debug|Any CPU
		{EADA9B2B-0587-416D-AC72-99D8B6903629}.Release|Any CPU.ActiveCfg = Release|Any CPU
		{EADA9B2B-0587-416D-AC72-99D8B6903629}.Release|Any CPU.Build.0 = Release|Any CPU
	EndGlobalSection
	GlobalSection(SolutionProperties) = preSolution
		HideSolutionNode = FALSE
	EndGlobalSection
EndGlobal
