
Microsoft Visual Studio Solution File, Format Version 12.00
# Visual Studio 2012
Project("{FAE04EC0-301F-11D3-BF4B-00C04F79EFBC}") = "Tests", "Tests\Tests.csproj", "{5D6BBD66-260C-4255-B392-BA8859EDE146}"
EndProject
Project("{FAE04EC0-301F-11D3-BF4B-00C04F79EFBC}") = "Application", "Application\Application.csproj", "{46F01A1D-5F19-4E6D-BBDF-2843C258EC21}"
EndProject
Global
	GlobalSection(SolutionConfigurationPlatforms) = preSolution
		Debug|Any CPU = Debug|Any CPU
		Release|Any CPU = Release|Any CPU
	EndGlobalSection
	GlobalSection(ProjectConfigurationPlatforms) = postSolution
		{5D6BBD66-260C-4255-B392-BA8859EDE146}.Debug|Any CPU.ActiveCfg = Debug|Any CPU
		{5D6BBD66-260C-4255-B392-BA8859EDE146}.Debug|Any CPU.Build.0 = Debug|Any CPU
		{5D6BBD66-260C-4255-B392-BA8859EDE146}.Release|Any CPU.ActiveCfg = Release|Any CPU
		{5D6BBD66-260C-4255-B392-BA8859EDE146}.Release|Any CPU.Build.0 = Release|Any CPU
		{46F01A1D-5F19-4E6D-BBDF-2843C258EC21}.Debug|Any CPU.ActiveCfg = Debug|Any CPU
		{46F01A1D-5F19-4E6D-BBDF-2843C258EC21}.Debug|Any CPU.Build.0 = Debug|Any CPU
		{46F01A1D-5F19-4E6D-BBDF-2843C258EC21}.Release|Any CPU.ActiveCfg = Release|Any CPU
		{46F01A1D-5F19-4E6D-BBDF-2843C258EC21}.Release|Any CPU.Build.0 = Release|Any CPU
	EndGlobalSection
	GlobalSection(SolutionProperties) = preSolution
		HideSolutionNode = FALSE
	EndGlobalSection
EndGlobal
