
Microsoft Visual Studio Solution File, Format Version 12.00
# Visual Studio 2012
Project("{FAE04EC0-301F-11D3-BF4B-00C04F79EFBC}") = "Lowercase", "Lowercase\Lowercase.csproj", "{6DA56A51-A14C-4308-A4A9-C0BE74BFA099}"
EndProject
Project("{FAE04EC0-301F-11D3-BF4B-00C04F79EFBC}") = "Tests", "Tests\Tests.csproj", "{5F261932-D8EA-4344-AB07-C7DBDFC70A5E}"
EndProject
Global
	GlobalSection(SolutionConfigurationPlatforms) = preSolution
		Debug|Any CPU = Debug|Any CPU
		Release|Any CPU = Release|Any CPU
	EndGlobalSection
	GlobalSection(ProjectConfigurationPlatforms) = postSolution
		{6DA56A51-A14C-4308-A4A9-C0BE74BFA099}.Debug|Any CPU.ActiveCfg = Debug|Any CPU
		{6DA56A51-A14C-4308-A4A9-C0BE74BFA099}.Debug|Any CPU.Build.0 = Debug|Any CPU
		{6DA56A51-A14C-4308-A4A9-C0BE74BFA099}.Release|Any CPU.ActiveCfg = Release|Any CPU
		{6DA56A51-A14C-4308-A4A9-C0BE74BFA099}.Release|Any CPU.Build.0 = Release|Any CPU
		{5F261932-D8EA-4344-AB07-C7DBDFC70A5E}.Debug|Any CPU.ActiveCfg = Debug|Any CPU
		{5F261932-D8EA-4344-AB07-C7DBDFC70A5E}.Debug|Any CPU.Build.0 = Debug|Any CPU
		{5F261932-D8EA-4344-AB07-C7DBDFC70A5E}.Release|Any CPU.ActiveCfg = Release|Any CPU
		{5F261932-D8EA-4344-AB07-C7DBDFC70A5E}.Release|Any CPU.Build.0 = Release|Any CPU
	EndGlobalSection
	GlobalSection(SolutionProperties) = preSolution
		HideSolutionNode = FALSE
	EndGlobalSection
EndGlobal
