
Microsoft Visual Studio Solution File, Format Version 12.00
# Visual Studio 2012
Project("{FAE04EC0-301F-11D3-BF4B-00C04F79EFBC}") = "Tests", "Tests.csproj", "{88714534-D251-4E87-A3D4-A4E76387BD2D}"
EndProject
Project("{FAE04EC0-301F-11D3-BF4B-00C04F79EFBC}") = "Application", "..\Application\Application.csproj", "{B5FA4908-57D8-4635-A2E8-95B50C6E2EA3}"
EndProject
Global
	GlobalSection(SolutionConfigurationPlatforms) = preSolution
		Debug|Any CPU = Debug|Any CPU
		Release|Any CPU = Release|Any CPU
	EndGlobalSection
	GlobalSection(ProjectConfigurationPlatforms) = postSolution
		{88714534-D251-4E87-A3D4-A4E76387BD2D}.Debug|Any CPU.ActiveCfg = Debug|Any CPU
		{88714534-D251-4E87-A3D4-A4E76387BD2D}.Debug|Any CPU.Build.0 = Debug|Any CPU
		{88714534-D251-4E87-A3D4-A4E76387BD2D}.Release|Any CPU.ActiveCfg = Release|Any CPU
		{88714534-D251-4E87-A3D4-A4E76387BD2D}.Release|Any CPU.Build.0 = Release|Any CPU
		{B5FA4908-57D8-4635-A2E8-95B50C6E2EA3}.Debug|Any CPU.ActiveCfg = Debug|Any CPU
		{B5FA4908-57D8-4635-A2E8-95B50C6E2EA3}.Debug|Any CPU.Build.0 = Debug|Any CPU
		{B5FA4908-57D8-4635-A2E8-95B50C6E2EA3}.Release|Any CPU.ActiveCfg = Release|Any CPU
		{B5FA4908-57D8-4635-A2E8-95B50C6E2EA3}.Release|Any CPU.Build.0 = Release|Any CPU
	EndGlobalSection
	GlobalSection(SolutionProperties) = preSolution
		HideSolutionNode = FALSE
	EndGlobalSection
EndGlobal
