
Microsoft Visual Studio Solution File, Format Version 12.00
# Visual Studio 2012
Project("{FAE04EC0-301F-11D3-BF4B-00C04F79EFBC}") = "Tests", "Tests\Tests.csproj", "{8C9E5326-34FA-4B61-AA0A-4C78BB3E1C94}"
EndProject
Project("{FAE04EC0-301F-11D3-BF4B-00C04F79EFBC}") = "Application", "Application\Application.csproj", "{1B627AB1-91EB-4A16-A5B1-C3FDB85CD9F8}"
EndProject
Global
	GlobalSection(SolutionConfigurationPlatforms) = preSolution
		Debug|Any CPU = Debug|Any CPU
		Release|Any CPU = Release|Any CPU
	EndGlobalSection
	GlobalSection(ProjectConfigurationPlatforms) = postSolution
		{8C9E5326-34FA-4B61-AA0A-4C78BB3E1C94}.Debug|Any CPU.ActiveCfg = Debug|Any CPU
		{8C9E5326-34FA-4B61-AA0A-4C78BB3E1C94}.Debug|Any CPU.Build.0 = Debug|Any CPU
		{8C9E5326-34FA-4B61-AA0A-4C78BB3E1C94}.Release|Any CPU.ActiveCfg = Release|Any CPU
		{8C9E5326-34FA-4B61-AA0A-4C78BB3E1C94}.Release|Any CPU.Build.0 = Release|Any CPU
		{1B627AB1-91EB-4A16-A5B1-C3FDB85CD9F8}.Debug|Any CPU.ActiveCfg = Debug|Any CPU
		{1B627AB1-91EB-4A16-A5B1-C3FDB85CD9F8}.Debug|Any CPU.Build.0 = Debug|Any CPU
		{1B627AB1-91EB-4A16-A5B1-C3FDB85CD9F8}.Release|Any CPU.ActiveCfg = Release|Any CPU
		{1B627AB1-91EB-4A16-A5B1-C3FDB85CD9F8}.Release|Any CPU.Build.0 = Release|Any CPU
	EndGlobalSection
	GlobalSection(SolutionProperties) = preSolution
		HideSolutionNode = FALSE
	EndGlobalSection
EndGlobal
