
Microsoft Visual Studio Solution File, Format Version 12.00
# Visual Studio 2012
Project("{FAE04EC0-301F-11D3-BF4B-00C04F79EFBC}") = "Tests", "Tests\Tests.csproj", "{C816116B-EE44-4B0E-915D-7B4457F8D0AE}"
EndProject
Project("{FAE04EC0-301F-11D3-BF4B-00C04F79EFBC}") = "Application", "Application\Application.csproj", "{E92B2B25-F3AE-44F2-B0E5-DE3A83D15E86}"
EndProject
Global
	GlobalSection(SolutionConfigurationPlatforms) = preSolution
		Debug|Any CPU = Debug|Any CPU
		Release|Any CPU = Release|Any CPU
	EndGlobalSection
	GlobalSection(ProjectConfigurationPlatforms) = postSolution
		{C816116B-EE44-4B0E-915D-7B4457F8D0AE}.Debug|Any CPU.ActiveCfg = Debug|Any CPU
		{C816116B-EE44-4B0E-915D-7B4457F8D0AE}.Debug|Any CPU.Build.0 = Debug|Any CPU
		{C816116B-EE44-4B0E-915D-7B4457F8D0AE}.Release|Any CPU.ActiveCfg = Release|Any CPU
		{C816116B-EE44-4B0E-915D-7B4457F8D0AE}.Release|Any CPU.Build.0 = Release|Any CPU
		{E92B2B25-F3AE-44F2-B0E5-DE3A83D15E86}.Debug|Any CPU.ActiveCfg = Debug|Any CPU
		{E92B2B25-F3AE-44F2-B0E5-DE3A83D15E86}.Debug|Any CPU.Build.0 = Debug|Any CPU
		{E92B2B25-F3AE-44F2-B0E5-DE3A83D15E86}.Release|Any CPU.ActiveCfg = Release|Any CPU
		{E92B2B25-F3AE-44F2-B0E5-DE3A83D15E86}.Release|Any CPU.Build.0 = Release|Any CPU
	EndGlobalSection
	GlobalSection(MonoDevelopProperties) = preSolution
		StartupItem = Application\Application.csproj
	EndGlobalSection
EndGlobal
