
Microsoft Visual Studio Solution File, Format Version 12.00
# Visual Studio 2012
Project("{FAE04EC0-301F-11D3-BF4B-00C04F79EFBC}") = "Tests", "Tests\Tests.csproj", "{71AC049A-C522-4295-8B08-E9462DF75064}"
EndProject
Project("{FAE04EC0-301F-11D3-BF4B-00C04F79EFBC}") = "Application", "Application\Application.csproj", "{B0FAC447-0873-47AF-81C2-E7D2C583F36A}"
EndProject
Global
	GlobalSection(SolutionConfigurationPlatforms) = preSolution
		Debug|Any CPU = Debug|Any CPU
		Release|Any CPU = Release|Any CPU
	EndGlobalSection
	GlobalSection(ProjectConfigurationPlatforms) = postSolution
		{71AC049A-C522-4295-8B08-E9462DF75064}.Debug|Any CPU.ActiveCfg = Debug|Any CPU
		{71AC049A-C522-4295-8B08-E9462DF75064}.Debug|Any CPU.Build.0 = Debug|Any CPU
		{71AC049A-C522-4295-8B08-E9462DF75064}.Release|Any CPU.ActiveCfg = Release|Any CPU
		{71AC049A-C522-4295-8B08-E9462DF75064}.Release|Any CPU.Build.0 = Release|Any CPU
		{B0FAC447-0873-47AF-81C2-E7D2C583F36A}.Debug|Any CPU.ActiveCfg = Debug|Any CPU
		{B0FAC447-0873-47AF-81C2-E7D2C583F36A}.Debug|Any CPU.Build.0 = Debug|Any CPU
		{B0FAC447-0873-47AF-81C2-E7D2C583F36A}.Release|Any CPU.ActiveCfg = Release|Any CPU
		{B0FAC447-0873-47AF-81C2-E7D2C583F36A}.Release|Any CPU.Build.0 = Release|Any CPU
	EndGlobalSection
	GlobalSection(SolutionProperties) = preSolution
		HideSolutionNode = FALSE
	EndGlobalSection
EndGlobal
