
Microsoft Visual Studio Solution File, Format Version 12.00
# Visual Studio 2012
Project("{FAE04EC0-301F-11D3-BF4B-00C04F79EFBC}") = "Tests", "Tests\Tests.csproj", "{67278066-3C8E-4E52-A2B1-F303811D1C0F}"
EndProject
Project("{FAE04EC0-301F-11D3-BF4B-00C04F79EFBC}") = "Application", "Application\Application.csproj", "{904AFBBD-C321-4D99-ABD3-D454E8829837}"
EndProject
Global
	GlobalSection(SolutionConfigurationPlatforms) = preSolution
		Debug|Any CPU = Debug|Any CPU
		Release|Any CPU = Release|Any CPU
	EndGlobalSection
	GlobalSection(ProjectConfigurationPlatforms) = postSolution
		{67278066-3C8E-4E52-A2B1-F303811D1C0F}.Debug|Any CPU.ActiveCfg = Debug|Any CPU
		{67278066-3C8E-4E52-A2B1-F303811D1C0F}.Debug|Any CPU.Build.0 = Debug|Any CPU
		{67278066-3C8E-4E52-A2B1-F303811D1C0F}.Release|Any CPU.ActiveCfg = Release|Any CPU
		{67278066-3C8E-4E52-A2B1-F303811D1C0F}.Release|Any CPU.Build.0 = Release|Any CPU
		{904AFBBD-C321-4D99-ABD3-D454E8829837}.Debug|Any CPU.ActiveCfg = Debug|Any CPU
		{904AFBBD-C321-4D99-ABD3-D454E8829837}.Debug|Any CPU.Build.0 = Debug|Any CPU
		{904AFBBD-C321-4D99-ABD3-D454E8829837}.Release|Any CPU.ActiveCfg = Release|Any CPU
		{904AFBBD-C321-4D99-ABD3-D454E8829837}.Release|Any CPU.Build.0 = Release|Any CPU
	EndGlobalSection
	GlobalSection(SolutionProperties) = preSolution
		HideSolutionNode = FALSE
	EndGlobalSection
EndGlobal
